
Microsoft Visual Studio Solution File, Format Version 12.00
# Visual Studio 15
VisualStudioVersion = 15.0.27428.2037
MinimumVisualStudioVersion = 10.0.40219.1
Project("{04BFAD8E-5768-4BB7-ADE6-B23C1B69B1CA}") = "GameMasterServer", "GameMasterServer.csproj", "{F8AE9816-BB2C-4D42-99A8-4EA1D7445166}"
EndProject
Global
	GlobalSection(SolutionConfigurationPlatforms) = preSolution
		Debug|Any CPU = Debug|Any CPU
		Release|Any CPU = Release|Any CPU
	EndGlobalSection
	GlobalSection(ProjectConfigurationPlatforms) = postSolution
		{F8AE9816-BB2C-4D42-99A8-4EA1D7445166}.Debug|Any CPU.ActiveCfg = Debug|Any CPU
		{F8AE9816-BB2C-4D42-99A8-4EA1D7445166}.Debug|Any CPU.Build.0 = Debug|Any CPU
		{F8AE9816-BB2C-4D42-99A8-4EA1D7445166}.Release|Any CPU.ActiveCfg = Release|Any CPU
		{F8AE9816-BB2C-4D42-99A8-4EA1D7445166}.Release|Any CPU.Build.0 = Release|Any CPU
	EndGlobalSection
	GlobalSection(SolutionProperties) = preSolution
		HideSolutionNode = FALSE
	EndGlobalSection
	GlobalSection(ExtensibilityGlobals) = postSolution
		SolutionGuid = {8FE19F7E-04A7-45D6-A9CD-785DBADD7E47}
	EndGlobalSection
EndGlobal
